
Microsoft Visual Studio Solution File, Format Version 12.00
# Visual Studio Version 16
VisualStudioVersion = 16.0.32929.386
MinimumVisualStudioVersion = 10.0.40219.1
Project("{FAE04EC0-301F-11D3-BF4B-00C04F79EFBC}") = "c-sharpA8", "c-sharpA8\c-sharpA8.csproj", "{7C7D3D56-9E03-4116-B3BA-E996363DC20B}"
EndProject
Global
	GlobalSection(SolutionConfigurationPlatforms) = preSolution
		Debug|Any CPU = Debug|Any CPU
		Release|Any CPU = Release|Any CPU
	EndGlobalSection
	GlobalSection(ProjectConfigurationPlatforms) = postSolution
		{7C7D3D56-9E03-4116-B3BA-E996363DC20B}.Debug|Any CPU.ActiveCfg = Debug|Any CPU
		{7C7D3D56-9E03-4116-B3BA-E996363DC20B}.Debug|Any CPU.Build.0 = Debug|Any CPU
		{7C7D3D56-9E03-4116-B3BA-E996363DC20B}.Release|Any CPU.ActiveCfg = Release|Any CPU
		{7C7D3D56-9E03-4116-B3BA-E996363DC20B}.Release|Any CPU.Build.0 = Release|Any CPU
	EndGlobalSection
	GlobalSection(SolutionProperties) = preSolution
		HideSolutionNode = FALSE
	EndGlobalSection
	GlobalSection(ExtensibilityGlobals) = postSolution
		SolutionGuid = {13C30992-5359-40EA-9523-FA08AE55318F}
	EndGlobalSection
EndGlobal
