
Microsoft Visual Studio Solution File, Format Version 12.00
# Visual Studio Version 16
VisualStudioVersion = 16.0.32929.386
MinimumVisualStudioVersion = 10.0.40219.1
Project("{FAE04EC0-301F-11D3-BF4B-00C04F79EFBC}") = "c-sharpA3", "c-sharpA3\c-sharpA3.csproj", "{A07E3334-285C-4B2B-A090-54A80CF6DFC3}"
EndProject
Global
	GlobalSection(SolutionConfigurationPlatforms) = preSolution
		Debug|Any CPU = Debug|Any CPU
		Release|Any CPU = Release|Any CPU
	EndGlobalSection
	GlobalSection(ProjectConfigurationPlatforms) = postSolution
		{A07E3334-285C-4B2B-A090-54A80CF6DFC3}.Debug|Any CPU.ActiveCfg = Debug|Any CPU
		{A07E3334-285C-4B2B-A090-54A80CF6DFC3}.Debug|Any CPU.Build.0 = Debug|Any CPU
		{A07E3334-285C-4B2B-A090-54A80CF6DFC3}.Release|Any CPU.ActiveCfg = Release|Any CPU
		{A07E3334-285C-4B2B-A090-54A80CF6DFC3}.Release|Any CPU.Build.0 = Release|Any CPU
	EndGlobalSection
	GlobalSection(SolutionProperties) = preSolution
		HideSolutionNode = FALSE
	EndGlobalSection
	GlobalSection(ExtensibilityGlobals) = postSolution
		SolutionGuid = {4D7BB93F-4F7F-4DF1-B582-3A19ED327CA6}
	EndGlobalSection
EndGlobal
